
Microsoft Visual Studio Solution File, Format Version 12.00
# Visual Studio Version 16
VisualStudioVersion = 16.0.31025.218
MinimumVisualStudioVersion = 10.0.40219.1
Project("{FAE04EC0-301F-11D3-BF4B-00C04F79EFBC}") = "CylheimUpdater", "CylheimUpdater\CylheimUpdater.csproj", "{C8BBFEC3-F1E5-4426-81D3-2B5989D508D9}"
EndProject
Global
	GlobalSection(SolutionConfigurationPlatforms) = preSolution
		Debug|Any CPU = Debug|Any CPU
		Release|Any CPU = Release|Any CPU
	EndGlobalSection
	GlobalSection(ProjectConfigurationPlatforms) = postSolution
		{C8BBFEC3-F1E5-4426-81D3-2B5989D508D9}.Debug|Any CPU.ActiveCfg = Debug|Any CPU
		{C8BBFEC3-F1E5-4426-81D3-2B5989D508D9}.Debug|Any CPU.Build.0 = Debug|Any CPU
		{C8BBFEC3-F1E5-4426-81D3-2B5989D508D9}.Release|Any CPU.ActiveCfg = Release|Any CPU
		{C8BBFEC3-F1E5-4426-81D3-2B5989D508D9}.Release|Any CPU.Build.0 = Release|Any CPU
	EndGlobalSection
	GlobalSection(SolutionProperties) = preSolution
		HideSolutionNode = FALSE
	EndGlobalSection
	GlobalSection(ExtensibilityGlobals) = postSolution
		SolutionGuid = {32869A29-8C3D-47CE-857E-CD779760F7D6}
	EndGlobalSection
EndGlobal
